// !$*UTF8*$!
{
	archiveVersion = 1;
	classes = {
	};
	objectVersion = 51;
	objects = {

/* Begin PBXBuildFile section */
		03FB7FD75A080EA12F4E8FE8 /* Pods_BetterStoreTests.framework in Frameworks */ = {isa = PBXBuildFile; fileRef = 2249BB6C7CE8116689E06E3F /* Pods_BetterStoreTests.framework */; };
		2CEF084BE24C46E132166A95 /* Pods_BetterStore_BetterStoreUITests.framework in Frameworks */ = {isa = PBXBuildFile; fileRef = CB695EC1291D2B621E1EFD28 /* Pods_BetterStore_BetterStoreUITests.framework */; };
		A3ABA4F042489AB5F0032826 /* Pods_BetterStore.framework in Frameworks */ = {isa = PBXBuildFile; fileRef = 3D5A0E31E3B140883DCCD08B /* Pods_BetterStore.framework */; };
		D58D83DA23B26CB7004B730C /* AppDelegate.swift in Sources */ = {isa = PBXBuildFile; fileRef = D58D83D923B26CB7004B730C /* AppDelegate.swift */; };
		D58D83DC23B26CB7004B730C /* SceneDelegate.swift in Sources */ = {isa = PBXBuildFile; fileRef = D58D83DB23B26CB7004B730C /* SceneDelegate.swift */; };
		D58D83DE23B26CB7004B730C /* ViewController.swift in Sources */ = {isa = PBXBuildFile; fileRef = D58D83DD23B26CB7004B730C /* ViewController.swift */; };
		D58D83E323B26CB7004B730C /* Assets.xcassets in Resources */ = {isa = PBXBuildFile; fileRef = D58D83E223B26CB7004B730C /* Assets.xcassets */; };
		D58D83E623B26CB7004B730C /* LaunchScreen.storyboard in Resources */ = {isa = PBXBuildFile; fileRef = D58D83E423B26CB7004B730C /* LaunchScreen.storyboard */; };
		D58D83F123B26CB8004B730C /* BetterStoreTests.swift in Sources */ = {isa = PBXBuildFile; fileRef = D58D83F023B26CB8004B730C /* BetterStoreTests.swift */; };
		D58D83FC23B26CB8004B730C /* BetterStoreUITests.swift in Sources */ = {isa = PBXBuildFile; fileRef = D58D83FB23B26CB8004B730C /* BetterStoreUITests.swift */; };
		D58D840A23B26D2B004B730C /* BaseTabBarController.swift in Sources */ = {isa = PBXBuildFile; fileRef = D58D840923B26D2B004B730C /* BaseTabBarController.swift */; };
		D58D840D23B27D46004B730C /* AppsSearchController.swift in Sources */ = {isa = PBXBuildFile; fileRef = D58D840C23B27D46004B730C /* AppsSearchController.swift */; };
		D58D841023B28187004B730C /* SearchResultCell.swift in Sources */ = {isa = PBXBuildFile; fileRef = D58D840F23B28187004B730C /* SearchResultCell.swift */; };
		D58D841323B29301004B730C /* UIView+Layout.swift in Sources */ = {isa = PBXBuildFile; fileRef = D58D841223B29301004B730C /* UIView+Layout.swift */; };
		D58D841523B2A425004B730C /* VerticalStackView.swift in Sources */ = {isa = PBXBuildFile; fileRef = D58D841423B2A425004B730C /* VerticalStackView.swift */; };
		D58D841823B2B01B004B730C /* SearchResult.swift in Sources */ = {isa = PBXBuildFile; fileRef = D58D841723B2B01B004B730C /* SearchResult.swift */; };
		D58D841B23B2B460004B730C /* Service.swift in Sources */ = {isa = PBXBuildFile; fileRef = D58D841A23B2B460004B730C /* Service.swift */; };
		D58D841E23B3411A004B730C /* AppsPageController.swift in Sources */ = {isa = PBXBuildFile; fileRef = D58D841D23B3411A004B730C /* AppsPageController.swift */; };
		D58D842023B3422D004B730C /* BaseListController.swift in Sources */ = {isa = PBXBuildFile; fileRef = D58D841F23B3422D004B730C /* BaseListController.swift */; };
		D58D842323B34452004B730C /* AppsGroupCell.swift in Sources */ = {isa = PBXBuildFile; fileRef = D58D842223B34452004B730C /* AppsGroupCell.swift */; };
		D58D842523B3C24C004B730C /* AppsHorizontalController.swift in Sources */ = {isa = PBXBuildFile; fileRef = D58D842423B3C24C004B730C /* AppsHorizontalController.swift */; };
		D58D842723B3C7E6004B730C /* AppRowCell.swift in Sources */ = {isa = PBXBuildFile; fileRef = D58D842623B3C7E6004B730C /* AppRowCell.swift */; };
		D58D842923B3C88E004B730C /* Extensions.swift in Sources */ = {isa = PBXBuildFile; fileRef = D58D842823B3C88E004B730C /* Extensions.swift */; };
		D58D842B23B3CE58004B730C /* AppsPageHeader.swift in Sources */ = {isa = PBXBuildFile; fileRef = D58D842A23B3CE58004B730C /* AppsPageHeader.swift */; };
		D58D842D23B3CF7E004B730C /* AppsHeaderHorizontalController.swift in Sources */ = {isa = PBXBuildFile; fileRef = D58D842C23B3CF7E004B730C /* AppsHeaderHorizontalController.swift */; };
		D58D842F23B3D29D004B730C /* AppsHeaderCell.swift in Sources */ = {isa = PBXBuildFile; fileRef = D58D842E23B3D29D004B730C /* AppsHeaderCell.swift */; };
		D58D843123B3D6DD004B730C /* AppGroup.swift in Sources */ = {isa = PBXBuildFile; fileRef = D58D843023B3D6DD004B730C /* AppGroup.swift */; };
		D5FE330E23B450AC00B73716 /* SocialApp.swift in Sources */ = {isa = PBXBuildFile; fileRef = D5FE330D23B450AC00B73716 /* SocialApp.swift */; };
		D5FE331123B47D1300B73716 /* HorizontalSnappingController.swift in Sources */ = {isa = PBXBuildFile; fileRef = D5FE331023B47D1300B73716 /* HorizontalSnappingController.swift */; };
		D5FE331323B4831100B73716 /* BetterSnappingLayout.swift in Sources */ = {isa = PBXBuildFile; fileRef = D5FE331223B4831100B73716 /* BetterSnappingLayout.swift */; };
		D5FE331623B4911800B73716 /* AppDetailController.swift in Sources */ = {isa = PBXBuildFile; fileRef = D5FE331523B4911800B73716 /* AppDetailController.swift */; };
/* End PBXBuildFile section */

/* Begin PBXContainerItemProxy section */
		D58D83ED23B26CB8004B730C /* PBXContainerItemProxy */ = {
			isa = PBXContainerItemProxy;
			containerPortal = D58D83CE23B26CB7004B730C /* Project object */;
			proxyType = 1;
			remoteGlobalIDString = D58D83D523B26CB7004B730C;
			remoteInfo = BetterStore;
		};
		D58D83F823B26CB8004B730C /* PBXContainerItemProxy */ = {
			isa = PBXContainerItemProxy;
			containerPortal = D58D83CE23B26CB7004B730C /* Project object */;
			proxyType = 1;
			remoteGlobalIDString = D58D83D523B26CB7004B730C;
			remoteInfo = BetterStore;
		};
/* End PBXContainerItemProxy section */

/* Begin PBXFileReference section */
		2249BB6C7CE8116689E06E3F /* Pods_BetterStoreTests.framework */ = {isa = PBXFileReference; explicitFileType = wrapper.framework; includeInIndex = 0; path = Pods_BetterStoreTests.framework; sourceTree = BUILT_PRODUCTS_DIR; };
		3D5A0E31E3B140883DCCD08B /* Pods_BetterStore.framework */ = {isa = PBXFileReference; explicitFileType = wrapper.framework; includeInIndex = 0; path = Pods_BetterStore.framework; sourceTree = BUILT_PRODUCTS_DIR; };
		4D4973D23C06D47D503418DB /* Pods-BetterStoreTests.debug.xcconfig */ = {isa = PBXFileReference; includeInIndex = 1; lastKnownFileType = text.xcconfig; name = "Pods-BetterStoreTests.debug.xcconfig"; path = "Target Support Files/Pods-BetterStoreTests/Pods-BetterStoreTests.debug.xcconfig"; sourceTree = "<group>"; };
		5AB97CE63934EA89686B4C88 /* Pods-BetterStore-BetterStoreUITests.debug.xcconfig */ = {isa = PBXFileReference; includeInIndex = 1; lastKnownFileType = text.xcconfig; name = "Pods-BetterStore-BetterStoreUITests.debug.xcconfig"; path = "Target Support Files/Pods-BetterStore-BetterStoreUITests/Pods-BetterStore-BetterStoreUITests.debug.xcconfig"; sourceTree = "<group>"; };
		5C489D991681416DFD3D6CD8 /* Pods-BetterStoreTests.release.xcconfig */ = {isa = PBXFileReference; includeInIndex = 1; lastKnownFileType = text.xcconfig; name = "Pods-BetterStoreTests.release.xcconfig"; path = "Target Support Files/Pods-BetterStoreTests/Pods-BetterStoreTests.release.xcconfig"; sourceTree = "<group>"; };
		612C30D1AFC62A2BC035A302 /* Pods-BetterStore-BetterStoreUITests.release.xcconfig */ = {isa = PBXFileReference; includeInIndex = 1; lastKnownFileType = text.xcconfig; name = "Pods-BetterStore-BetterStoreUITests.release.xcconfig"; path = "Target Support Files/Pods-BetterStore-BetterStoreUITests/Pods-BetterStore-BetterStoreUITests.release.xcconfig"; sourceTree = "<group>"; };
		A765FB8FD4FBF8BA3F3D353E /* Pods-BetterStore.release.xcconfig */ = {isa = PBXFileReference; includeInIndex = 1; lastKnownFileType = text.xcconfig; name = "Pods-BetterStore.release.xcconfig"; path = "Target Support Files/Pods-BetterStore/Pods-BetterStore.release.xcconfig"; sourceTree = "<group>"; };
		CB695EC1291D2B621E1EFD28 /* Pods_BetterStore_BetterStoreUITests.framework */ = {isa = PBXFileReference; explicitFileType = wrapper.framework; includeInIndex = 0; path = Pods_BetterStore_BetterStoreUITests.framework; sourceTree = BUILT_PRODUCTS_DIR; };
		D58D83D623B26CB7004B730C /* BetterStore.app */ = {isa = PBXFileReference; explicitFileType = wrapper.application; includeInIndex = 0; path = BetterStore.app; sourceTree = BUILT_PRODUCTS_DIR; };
		D58D83D923B26CB7004B730C /* AppDelegate.swift */ = {isa = PBXFileReference; lastKnownFileType = sourcecode.swift; path = AppDelegate.swift; sourceTree = "<group>"; };
		D58D83DB23B26CB7004B730C /* SceneDelegate.swift */ = {isa = PBXFileReference; lastKnownFileType = sourcecode.swift; path = SceneDelegate.swift; sourceTree = "<group>"; };
		D58D83DD23B26CB7004B730C /* ViewController.swift */ = {isa = PBXFileReference; lastKnownFileType = sourcecode.swift; path = ViewController.swift; sourceTree = "<group>"; };
		D58D83E223B26CB7004B730C /* Assets.xcassets */ = {isa = PBXFileReference; lastKnownFileType = folder.assetcatalog; path = Assets.xcassets; sourceTree = "<group>"; };
		D58D83E523B26CB7004B730C /* Base */ = {isa = PBXFileReference; lastKnownFileType = file.storyboard; name = Base; path = Base.lproj/LaunchScreen.storyboard; sourceTree = "<group>"; };
		D58D83E723B26CB7004B730C /* Info.plist */ = {isa = PBXFileReference; lastKnownFileType = text.plist.xml; path = Info.plist; sourceTree = "<group>"; };
		D58D83EC23B26CB8004B730C /* BetterStoreTests.xctest */ = {isa = PBXFileReference; explicitFileType = wrapper.cfbundle; includeInIndex = 0; path = BetterStoreTests.xctest; sourceTree = BUILT_PRODUCTS_DIR; };
		D58D83F023B26CB8004B730C /* BetterStoreTests.swift */ = {isa = PBXFileReference; lastKnownFileType = sourcecode.swift; path = BetterStoreTests.swift; sourceTree = "<group>"; };
		D58D83F223B26CB8004B730C /* Info.plist */ = {isa = PBXFileReference; lastKnownFileType = text.plist.xml; path = Info.plist; sourceTree = "<group>"; };
		D58D83F723B26CB8004B730C /* BetterStoreUITests.xctest */ = {isa = PBXFileReference; explicitFileType = wrapper.cfbundle; includeInIndex = 0; path = BetterStoreUITests.xctest; sourceTree = BUILT_PRODUCTS_DIR; };
		D58D83FB23B26CB8004B730C /* BetterStoreUITests.swift */ = {isa = PBXFileReference; lastKnownFileType = sourcecode.swift; path = BetterStoreUITests.swift; sourceTree = "<group>"; };
		D58D83FD23B26CB8004B730C /* Info.plist */ = {isa = PBXFileReference; lastKnownFileType = text.plist.xml; path = Info.plist; sourceTree = "<group>"; };
		D58D840923B26D2B004B730C /* BaseTabBarController.swift */ = {isa = PBXFileReference; lastKnownFileType = sourcecode.swift; path = BaseTabBarController.swift; sourceTree = "<group>"; };
		D58D840C23B27D46004B730C /* AppsSearchController.swift */ = {isa = PBXFileReference; lastKnownFileType = sourcecode.swift; path = AppsSearchController.swift; sourceTree = "<group>"; };
		D58D840F23B28187004B730C /* SearchResultCell.swift */ = {isa = PBXFileReference; lastKnownFileType = sourcecode.swift; path = SearchResultCell.swift; sourceTree = "<group>"; };
		D58D841223B29301004B730C /* UIView+Layout.swift */ = {isa = PBXFileReference; lastKnownFileType = sourcecode.swift; path = "UIView+Layout.swift"; sourceTree = "<group>"; };
		D58D841423B2A425004B730C /* VerticalStackView.swift */ = {isa = PBXFileReference; lastKnownFileType = sourcecode.swift; path = VerticalStackView.swift; sourceTree = "<group>"; };
		D58D841723B2B01B004B730C /* SearchResult.swift */ = {isa = PBXFileReference; lastKnownFileType = sourcecode.swift; path = SearchResult.swift; sourceTree = "<group>"; };
		D58D841A23B2B460004B730C /* Service.swift */ = {isa = PBXFileReference; lastKnownFileType = sourcecode.swift; path = Service.swift; sourceTree = "<group>"; };
		D58D841D23B3411A004B730C /* AppsPageController.swift */ = {isa = PBXFileReference; lastKnownFileType = sourcecode.swift; path = AppsPageController.swift; sourceTree = "<group>"; };
		D58D841F23B3422D004B730C /* BaseListController.swift */ = {isa = PBXFileReference; lastKnownFileType = sourcecode.swift; path = BaseListController.swift; sourceTree = "<group>"; };
		D58D842223B34452004B730C /* AppsGroupCell.swift */ = {isa = PBXFileReference; lastKnownFileType = sourcecode.swift; path = AppsGroupCell.swift; sourceTree = "<group>"; };
		D58D842423B3C24C004B730C /* AppsHorizontalController.swift */ = {isa = PBXFileReference; lastKnownFileType = sourcecode.swift; path = AppsHorizontalController.swift; sourceTree = "<group>"; };
		D58D842623B3C7E6004B730C /* AppRowCell.swift */ = {isa = PBXFileReference; lastKnownFileType = sourcecode.swift; path = AppRowCell.swift; sourceTree = "<group>"; };
		D58D842823B3C88E004B730C /* Extensions.swift */ = {isa = PBXFileReference; lastKnownFileType = sourcecode.swift; path = Extensions.swift; sourceTree = "<group>"; };
		D58D842A23B3CE58004B730C /* AppsPageHeader.swift */ = {isa = PBXFileReference; lastKnownFileType = sourcecode.swift; path = AppsPageHeader.swift; sourceTree = "<group>"; };
		D58D842C23B3CF7E004B730C /* AppsHeaderHorizontalController.swift */ = {isa = PBXFileReference; lastKnownFileType = sourcecode.swift; path = AppsHeaderHorizontalController.swift; sourceTree = "<group>"; };
		D58D842E23B3D29D004B730C /* AppsHeaderCell.swift */ = {isa = PBXFileReference; lastKnownFileType = sourcecode.swift; path = AppsHeaderCell.swift; sourceTree = "<group>"; };
		D58D843023B3D6DD004B730C /* AppGroup.swift */ = {isa = PBXFileReference; lastKnownFileType = sourcecode.swift; path = AppGroup.swift; sourceTree = "<group>"; };
		D5FE330D23B450AC00B73716 /* SocialApp.swift */ = {isa = PBXFileReference; lastKnownFileType = sourcecode.swift; path = SocialApp.swift; sourceTree = "<group>"; };
		D5FE331023B47D1300B73716 /* HorizontalSnappingController.swift */ = {isa = PBXFileReference; lastKnownFileType = sourcecode.swift; path = HorizontalSnappingController.swift; sourceTree = "<group>"; };
		D5FE331223B4831100B73716 /* BetterSnappingLayout.swift */ = {isa = PBXFileReference; lastKnownFileType = sourcecode.swift; path = BetterSnappingLayout.swift; sourceTree = "<group>"; };
		D5FE331523B4911800B73716 /* AppDetailController.swift */ = {isa = PBXFileReference; lastKnownFileType = sourcecode.swift; path = AppDetailController.swift; sourceTree = "<group>"; };
		E3D5EDB5449C8BCECFA1F0CD /* Pods-BetterStore.debug.xcconfig */ = {isa = PBXFileReference; includeInIndex = 1; lastKnownFileType = text.xcconfig; name = "Pods-BetterStore.debug.xcconfig"; path = "Target Support Files/Pods-BetterStore/Pods-BetterStore.debug.xcconfig"; sourceTree = "<group>"; };
/* End PBXFileReference section */

/* Begin PBXFrameworksBuildPhase section */
		D58D83D323B26CB7004B730C /* Frameworks */ = {
			isa = PBXFrameworksBuildPhase;
			buildActionMask = 2147483647;
			files = (
				A3ABA4F042489AB5F0032826 /* Pods_BetterStore.framework in Frameworks */,
			);
			runOnlyForDeploymentPostprocessing = 0;
		};
		D58D83E923B26CB8004B730C /* Frameworks */ = {
			isa = PBXFrameworksBuildPhase;
			buildActionMask = 2147483647;
			files = (
				03FB7FD75A080EA12F4E8FE8 /* Pods_BetterStoreTests.framework in Frameworks */,
			);
			runOnlyForDeploymentPostprocessing = 0;
		};
		D58D83F423B26CB8004B730C /* Frameworks */ = {
			isa = PBXFrameworksBuildPhase;
			buildActionMask = 2147483647;
			files = (
				2CEF084BE24C46E132166A95 /* Pods_BetterStore_BetterStoreUITests.framework in Frameworks */,
			);
			runOnlyForDeploymentPostprocessing = 0;
		};
/* End PBXFrameworksBuildPhase section */

/* Begin PBXGroup section */
		14A350ADB272518A2985C93D /* Frameworks */ = {
			isa = PBXGroup;
			children = (
				3D5A0E31E3B140883DCCD08B /* Pods_BetterStore.framework */,
				CB695EC1291D2B621E1EFD28 /* Pods_BetterStore_BetterStoreUITests.framework */,
				2249BB6C7CE8116689E06E3F /* Pods_BetterStoreTests.framework */,
			);
			name = Frameworks;
			sourceTree = "<group>";
		};
		CF7F2CB81F584229C652D437 /* Pods */ = {
			isa = PBXGroup;
			children = (
				E3D5EDB5449C8BCECFA1F0CD /* Pods-BetterStore.debug.xcconfig */,
				A765FB8FD4FBF8BA3F3D353E /* Pods-BetterStore.release.xcconfig */,
				5AB97CE63934EA89686B4C88 /* Pods-BetterStore-BetterStoreUITests.debug.xcconfig */,
				612C30D1AFC62A2BC035A302 /* Pods-BetterStore-BetterStoreUITests.release.xcconfig */,
				4D4973D23C06D47D503418DB /* Pods-BetterStoreTests.debug.xcconfig */,
				5C489D991681416DFD3D6CD8 /* Pods-BetterStoreTests.release.xcconfig */,
			);
			path = Pods;
			sourceTree = "<group>";
		};
		D58D83CD23B26CB7004B730C = {
			isa = PBXGroup;
			children = (
				D58D83D823B26CB7004B730C /* BetterStore */,
				D58D83EF23B26CB8004B730C /* BetterStoreTests */,
				D58D83FA23B26CB8004B730C /* BetterStoreUITests */,
				D58D83D723B26CB7004B730C /* Products */,
				CF7F2CB81F584229C652D437 /* Pods */,
				14A350ADB272518A2985C93D /* Frameworks */,
			);
			sourceTree = "<group>";
		};
		D58D83D723B26CB7004B730C /* Products */ = {
			isa = PBXGroup;
			children = (
				D58D83D623B26CB7004B730C /* BetterStore.app */,
				D58D83EC23B26CB8004B730C /* BetterStoreTests.xctest */,
				D58D83F723B26CB8004B730C /* BetterStoreUITests.xctest */,
			);
			name = Products;
			sourceTree = "<group>";
		};
		D58D83D823B26CB7004B730C /* BetterStore */ = {
			isa = PBXGroup;
			children = (
				D58D841923B2B44D004B730C /* Service */,
				D58D841623B2B00C004B730C /* Model */,
				D58D841123B292DE004B730C /* Helpers */,
				D58D840E23B28166004B730C /* Views */,
				D58D840B23B27D1B004B730C /* Controller */,
				D58D83D923B26CB7004B730C /* AppDelegate.swift */,
				D58D83DB23B26CB7004B730C /* SceneDelegate.swift */,
				D58D83DD23B26CB7004B730C /* ViewController.swift */,
				D58D83E223B26CB7004B730C /* Assets.xcassets */,
				D58D83E423B26CB7004B730C /* LaunchScreen.storyboard */,
				D58D83E723B26CB7004B730C /* Info.plist */,
			);
			path = BetterStore;
			sourceTree = "<group>";
		};
		D58D83EF23B26CB8004B730C /* BetterStoreTests */ = {
			isa = PBXGroup;
			children = (
				D58D83F023B26CB8004B730C /* BetterStoreTests.swift */,
				D58D83F223B26CB8004B730C /* Info.plist */,
			);
			path = BetterStoreTests;
			sourceTree = "<group>";
		};
		D58D83FA23B26CB8004B730C /* BetterStoreUITests */ = {
			isa = PBXGroup;
			children = (
				D58D83FB23B26CB8004B730C /* BetterStoreUITests.swift */,
				D58D83FD23B26CB8004B730C /* Info.plist */,
			);
			path = BetterStoreUITests;
			sourceTree = "<group>";
		};
		D58D840B23B27D1B004B730C /* Controller */ = {
			isa = PBXGroup;
			children = (
				D5FE330F23B47CF200B73716 /* Search */,
				D58D841C23B3410A004B730C /* Apps */,
				D58D840923B26D2B004B730C /* BaseTabBarController.swift */,
				D58D841F23B3422D004B730C /* BaseListController.swift */,
				D5FE331023B47D1300B73716 /* HorizontalSnappingController.swift */,
			);
			path = Controller;
			sourceTree = "<group>";
		};
		D58D840E23B28166004B730C /* Views */ = {
			isa = PBXGroup;
			children = (
				D58D842123B34443004B730C /* Apps */,
				D58D840F23B28187004B730C /* SearchResultCell.swift */,
			);
			path = Views;
			sourceTree = "<group>";
		};
		D58D841123B292DE004B730C /* Helpers */ = {
			isa = PBXGroup;
			children = (
				D58D841423B2A425004B730C /* VerticalStackView.swift */,
				D58D841223B29301004B730C /* UIView+Layout.swift */,
				D58D842823B3C88E004B730C /* Extensions.swift */,
				D5FE331223B4831100B73716 /* BetterSnappingLayout.swift */,
			);
			path = Helpers;
			sourceTree = "<group>";
		};
		D58D841623B2B00C004B730C /* Model */ = {
			isa = PBXGroup;
			children = (
				D58D841723B2B01B004B730C /* SearchResult.swift */,
				D58D843023B3D6DD004B730C /* AppGroup.swift */,
				D5FE330D23B450AC00B73716 /* SocialApp.swift */,
			);
			path = Model;
			sourceTree = "<group>";
		};
		D58D841923B2B44D004B730C /* Service */ = {
			isa = PBXGroup;
			children = (
				D58D841A23B2B460004B730C /* Service.swift */,
			);
			path = Service;
			sourceTree = "<group>";
		};
		D58D841C23B3410A004B730C /* Apps */ = {
			isa = PBXGroup;
			children = (
				D5FE331423B4910A00B73716 /* Details */,
				D58D841D23B3411A004B730C /* AppsPageController.swift */,
				D58D842423B3C24C004B730C /* AppsHorizontalController.swift */,
				D58D842C23B3CF7E004B730C /* AppsHeaderHorizontalController.swift */,
			);
			path = Apps;
			sourceTree = "<group>";
		};
		D58D842123B34443004B730C /* Apps */ = {
			isa = PBXGroup;
			children = (
				D58D842223B34452004B730C /* AppsGroupCell.swift */,
				D58D842623B3C7E6004B730C /* AppRowCell.swift */,
				D58D842A23B3CE58004B730C /* AppsPageHeader.swift */,
				D58D842E23B3D29D004B730C /* AppsHeaderCell.swift */,
			);
			path = Apps;
			sourceTree = "<group>";
		};
		D5FE330F23B47CF200B73716 /* Search */ = {
			isa = PBXGroup;
			children = (
				D58D840C23B27D46004B730C /* AppsSearchController.swift */,
			);
			path = Search;
			sourceTree = "<group>";
		};
		D5FE331423B4910A00B73716 /* Details */ = {
			isa = PBXGroup;
			children = (
				D5FE331523B4911800B73716 /* AppDetailController.swift */,
			);
			path = Details;
			sourceTree = "<group>";
		};
/* End PBXGroup section */

/* Begin PBXNativeTarget section */
		D58D83D523B26CB7004B730C /* BetterStore */ = {
			isa = PBXNativeTarget;
			buildConfigurationList = D58D840023B26CB8004B730C /* Build configuration list for PBXNativeTarget "BetterStore" */;
			buildPhases = (
				B0DE042BC6C963A48B4EE542 /* [CP] Check Pods Manifest.lock */,
				D58D83D223B26CB7004B730C /* Sources */,
				D58D83D323B26CB7004B730C /* Frameworks */,
				D58D83D423B26CB7004B730C /* Resources */,
				1DC4643DA7467462BBCA12BC /* [CP] Embed Pods Frameworks */,
			);
			buildRules = (
			);
			dependencies = (
			);
			name = BetterStore;
			productName = BetterStore;
			productReference = D58D83D623B26CB7004B730C /* BetterStore.app */;
			productType = "com.apple.product-type.application";
		};
		D58D83EB23B26CB8004B730C /* BetterStoreTests */ = {
			isa = PBXNativeTarget;
			buildConfigurationList = D58D840323B26CB8004B730C /* Build configuration list for PBXNativeTarget "BetterStoreTests" */;
			buildPhases = (
				2E2E1862A5DCCA413D065C90 /* [CP] Check Pods Manifest.lock */,
				D58D83E823B26CB8004B730C /* Sources */,
				D58D83E923B26CB8004B730C /* Frameworks */,
				D58D83EA23B26CB8004B730C /* Resources */,
			);
			buildRules = (
			);
			dependencies = (
				D58D83EE23B26CB8004B730C /* PBXTargetDependency */,
			);
			name = BetterStoreTests;
			productName = BetterStoreTests;
			productReference = D58D83EC23B26CB8004B730C /* BetterStoreTests.xctest */;
			productType = "com.apple.product-type.bundle.unit-test";
		};
		D58D83F623B26CB8004B730C /* BetterStoreUITests */ = {
			isa = PBXNativeTarget;
			buildConfigurationList = D58D840623B26CB8004B730C /* Build configuration list for PBXNativeTarget "BetterStoreUITests" */;
			buildPhases = (
				0ECFF03195C817D8077428BF /* [CP] Check Pods Manifest.lock */,
				D58D83F323B26CB8004B730C /* Sources */,
				D58D83F423B26CB8004B730C /* Frameworks */,
				D58D83F523B26CB8004B730C /* Resources */,
				B67134F9F61FCBE7AD5E88EF /* [CP] Embed Pods Frameworks */,
			);
			buildRules = (
			);
			dependencies = (
				D58D83F923B26CB8004B730C /* PBXTargetDependency */,
			);
			name = BetterStoreUITests;
			productName = BetterStoreUITests;
			productReference = D58D83F723B26CB8004B730C /* BetterStoreUITests.xctest */;
			productType = "com.apple.product-type.bundle.ui-testing";
		};
/* End PBXNativeTarget section */

/* Begin PBXProject section */
		D58D83CE23B26CB7004B730C /* Project object */ = {
			isa = PBXProject;
			attributes = {
				LastSwiftUpdateCheck = 1130;
				LastUpgradeCheck = 1130;
				ORGANIZATIONNAME = "Ievgen Gavrysh";
				TargetAttributes = {
					D58D83D523B26CB7004B730C = {
						CreatedOnToolsVersion = 11.3;
					};
					D58D83EB23B26CB8004B730C = {
						CreatedOnToolsVersion = 11.3;
						TestTargetID = D58D83D523B26CB7004B730C;
					};
					D58D83F623B26CB8004B730C = {
						CreatedOnToolsVersion = 11.3;
						TestTargetID = D58D83D523B26CB7004B730C;
					};
				};
			};
			buildConfigurationList = D58D83D123B26CB7004B730C /* Build configuration list for PBXProject "BetterStore" */;
			compatibilityVersion = "Xcode 9.3";
			developmentRegion = en;
			hasScannedForEncodings = 0;
			knownRegions = (
				en,
				Base,
			);
			mainGroup = D58D83CD23B26CB7004B730C;
			productRefGroup = D58D83D723B26CB7004B730C /* Products */;
			projectDirPath = "";
			projectRoot = "";
			targets = (
				D58D83D523B26CB7004B730C /* BetterStore */,
				D58D83EB23B26CB8004B730C /* BetterStoreTests */,
				D58D83F623B26CB8004B730C /* BetterStoreUITests */,
			);
		};
/* End PBXProject section */

/* Begin PBXResourcesBuildPhase section */
		D58D83D423B26CB7004B730C /* Resources */ = {
			isa = PBXResourcesBuildPhase;
			buildActionMask = 2147483647;
			files = (
				D58D83E623B26CB7004B730C /* LaunchScreen.storyboard in Resources */,
				D58D83E323B26CB7004B730C /* Assets.xcassets in Resources */,
			);
			runOnlyForDeploymentPostprocessing = 0;
		};
		D58D83EA23B26CB8004B730C /* Resources */ = {
			isa = PBXResourcesBuildPhase;
			buildActionMask = 2147483647;
			files = (
			);
			runOnlyForDeploymentPostprocessing = 0;
		};
		D58D83F523B26CB8004B730C /* Resources */ = {
			isa = PBXResourcesBuildPhase;
			buildActionMask = 2147483647;
			files = (
			);
			runOnlyForDeploymentPostprocessing = 0;
		};
/* End PBXResourcesBuildPhase section */

/* Begin PBXShellScriptBuildPhase section */
		0ECFF03195C817D8077428BF /* [CP] Check Pods Manifest.lock */ = {
			isa = PBXShellScriptBuildPhase;
			buildActionMask = 2147483647;
			files = (
			);
			inputFileListPaths = (
			);
			inputPaths = (
				"${PODS_PODFILE_DIR_PATH}/Podfile.lock",
				"${PODS_ROOT}/Manifest.lock",
			);
			name = "[CP] Check Pods Manifest.lock";
			outputFileListPaths = (
			);
			outputPaths = (
				"$(DERIVED_FILE_DIR)/Pods-BetterStore-BetterStoreUITests-checkManifestLockResult.txt",
			);
			runOnlyForDeploymentPostprocessing = 0;
			shellPath = /bin/sh;
			shellScript = "diff \"${PODS_PODFILE_DIR_PATH}/Podfile.lock\" \"${PODS_ROOT}/Manifest.lock\" > /dev/null\nif [ $? != 0 ] ; then\n    # print error to STDERR\n    echo \"error: The sandbox is not in sync with the Podfile.lock. Run 'pod install' or update your CocoaPods installation.\" >&2\n    exit 1\nfi\n# This output is used by Xcode 'outputs' to avoid re-running this script phase.\necho \"SUCCESS\" > \"${SCRIPT_OUTPUT_FILE_0}\"\n";
			showEnvVarsInLog = 0;
		};
		1DC4643DA7467462BBCA12BC /* [CP] Embed Pods Frameworks */ = {
			isa = PBXShellScriptBuildPhase;
			buildActionMask = 2147483647;
			files = (
			);
			inputFileListPaths = (
				"${PODS_ROOT}/Target Support Files/Pods-BetterStore/Pods-BetterStore-frameworks-${CONFIGURATION}-input-files.xcfilelist",
			);
			name = "[CP] Embed Pods Frameworks";
			outputFileListPaths = (
				"${PODS_ROOT}/Target Support Files/Pods-BetterStore/Pods-BetterStore-frameworks-${CONFIGURATION}-output-files.xcfilelist",
			);
			runOnlyForDeploymentPostprocessing = 0;
			shellPath = /bin/sh;
			shellScript = "\"${PODS_ROOT}/Target Support Files/Pods-BetterStore/Pods-BetterStore-frameworks.sh\"\n";
			showEnvVarsInLog = 0;
		};
		2E2E1862A5DCCA413D065C90 /* [CP] Check Pods Manifest.lock */ = {
			isa = PBXShellScriptBuildPhase;
			buildActionMask = 2147483647;
			files = (
			);
			inputFileListPaths = (
			);
			inputPaths = (
				"${PODS_PODFILE_DIR_PATH}/Podfile.lock",
				"${PODS_ROOT}/Manifest.lock",
			);
			name = "[CP] Check Pods Manifest.lock";
			outputFileListPaths = (
			);
			outputPaths = (
				"$(DERIVED_FILE_DIR)/Pods-BetterStoreTests-checkManifestLockResult.txt",
			);
			runOnlyForDeploymentPostprocessing = 0;
			shellPath = /bin/sh;
			shellScript = "diff \"${PODS_PODFILE_DIR_PATH}/Podfile.lock\" \"${PODS_ROOT}/Manifest.lock\" > /dev/null\nif [ $? != 0 ] ; then\n    # print error to STDERR\n    echo \"error: The sandbox is not in sync with the Podfile.lock. Run 'pod install' or update your CocoaPods installation.\" >&2\n    exit 1\nfi\n# This output is used by Xcode 'outputs' to avoid re-running this script phase.\necho \"SUCCESS\" > \"${SCRIPT_OUTPUT_FILE_0}\"\n";
			showEnvVarsInLog = 0;
		};
		B0DE042BC6C963A48B4EE542 /* [CP] Check Pods Manifest.lock */ = {
			isa = PBXShellScriptBuildPhase;
			buildActionMask = 2147483647;
			files = (
			);
			inputFileListPaths = (
			);
			inputPaths = (
				"${PODS_PODFILE_DIR_PATH}/Podfile.lock",
				"${PODS_ROOT}/Manifest.lock",
			);
			name = "[CP] Check Pods Manifest.lock";
			outputFileListPaths = (
			);
			outputPaths = (
				"$(DERIVED_FILE_DIR)/Pods-BetterStore-checkManifestLockResult.txt",
			);
			runOnlyForDeploymentPostprocessing = 0;
			shellPath = /bin/sh;
			shellScript = "diff \"${PODS_PODFILE_DIR_PATH}/Podfile.lock\" \"${PODS_ROOT}/Manifest.lock\" > /dev/null\nif [ $? != 0 ] ; then\n    # print error to STDERR\n    echo \"error: The sandbox is not in sync with the Podfile.lock. Run 'pod install' or update your CocoaPods installation.\" >&2\n    exit 1\nfi\n# This output is used by Xcode 'outputs' to avoid re-running this script phase.\necho \"SUCCESS\" > \"${SCRIPT_OUTPUT_FILE_0}\"\n";
			showEnvVarsInLog = 0;
		};
		B67134F9F61FCBE7AD5E88EF /* [CP] Embed Pods Frameworks */ = {
			isa = PBXShellScriptBuildPhase;
			buildActionMask = 2147483647;
			files = (
			);
			inputFileListPaths = (
				"${PODS_ROOT}/Target Support Files/Pods-BetterStore-BetterStoreUITests/Pods-BetterStore-BetterStoreUITests-frameworks-${CONFIGURATION}-input-files.xcfilelist",
			);
			name = "[CP] Embed Pods Frameworks";
			outputFileListPaths = (
				"${PODS_ROOT}/Target Support Files/Pods-BetterStore-BetterStoreUITests/Pods-BetterStore-BetterStoreUITests-frameworks-${CONFIGURATION}-output-files.xcfilelist",
			);
			runOnlyForDeploymentPostprocessing = 0;
			shellPath = /bin/sh;
			shellScript = "\"${PODS_ROOT}/Target Support Files/Pods-BetterStore-BetterStoreUITests/Pods-BetterStore-BetterStoreUITests-frameworks.sh\"\n";
			showEnvVarsInLog = 0;
		};
/* End PBXShellScriptBuildPhase section */

/* Begin PBXSourcesBuildPhase section */
		D58D83D223B26CB7004B730C /* Sources */ = {
			isa = PBXSourcesBuildPhase;
			buildActionMask = 2147483647;
			files = (
				D5FE330E23B450AC00B73716 /* SocialApp.swift in Sources */,
				D58D83DE23B26CB7004B730C /* ViewController.swift in Sources */,
				D58D841E23B3411A004B730C /* AppsPageController.swift in Sources */,
				D58D841823B2B01B004B730C /* SearchResult.swift in Sources */,
				D58D840D23B27D46004B730C /* AppsSearchController.swift in Sources */,
				D58D840A23B26D2B004B730C /* BaseTabBarController.swift in Sources */,
				D58D83DA23B26CB7004B730C /* AppDelegate.swift in Sources */,
				D58D842323B34452004B730C /* AppsGroupCell.swift in Sources */,
				D58D841023B28187004B730C /* SearchResultCell.swift in Sources */,
				D5FE331123B47D1300B73716 /* HorizontalSnappingController.swift in Sources */,
				D5FE331323B4831100B73716 /* BetterSnappingLayout.swift in Sources */,
				D58D841523B2A425004B730C /* VerticalStackView.swift in Sources */,
				D5FE331623B4911800B73716 /* AppDetailController.swift in Sources */,
				D58D841B23B2B460004B730C /* Service.swift in Sources */,
				D58D842D23B3CF7E004B730C /* AppsHeaderHorizontalController.swift in Sources */,
				D58D842B23B3CE58004B730C /* AppsPageHeader.swift in Sources */,
				D58D841323B29301004B730C /* UIView+Layout.swift in Sources */,
				D58D842923B3C88E004B730C /* Extensions.swift in Sources */,
				D58D842023B3422D004B730C /* BaseListController.swift in Sources */,
				D58D843123B3D6DD004B730C /* AppGroup.swift in Sources */,
				D58D842F23B3D29D004B730C /* AppsHeaderCell.swift in Sources */,
				D58D83DC23B26CB7004B730C /* SceneDelegate.swift in Sources */,
				D58D842523B3C24C004B730C /* AppsHorizontalController.swift in Sources */,
				D58D842723B3C7E6004B730C /* AppRowCell.swift in Sources */,
			);
			runOnlyForDeploymentPostprocessing = 0;
		};
		D58D83E823B26CB8004B730C /* Sources */ = {
			isa = PBXSourcesBuildPhase;
			buildActionMask = 2147483647;
			files = (
				D58D83F123B26CB8004B730C /* BetterStoreTests.swift in Sources */,
			);
			runOnlyForDeploymentPostprocessing = 0;
		};
		D58D83F323B26CB8004B730C /* Sources */ = {
			isa = PBXSourcesBuildPhase;
			buildActionMask = 2147483647;
			files = (
				D58D83FC23B26CB8004B730C /* BetterStoreUITests.swift in Sources */,
			);
			runOnlyForDeploymentPostprocessing = 0;
		};
/* End PBXSourcesBuildPhase section */

/* Begin PBXTargetDependency section */
		D58D83EE23B26CB8004B730C /* PBXTargetDependency */ = {
			isa = PBXTargetDependency;
			target = D58D83D523B26CB7004B730C /* BetterStore */;
			targetProxy = D58D83ED23B26CB8004B730C /* PBXContainerItemProxy */;
		};
		D58D83F923B26CB8004B730C /* PBXTargetDependency */ = {
			isa = PBXTargetDependency;
			target = D58D83D523B26CB7004B730C /* BetterStore */;
			targetProxy = D58D83F823B26CB8004B730C /* PBXContainerItemProxy */;
		};
/* End PBXTargetDependency section */

/* Begin PBXVariantGroup section */
		D58D83E423B26CB7004B730C /* LaunchScreen.storyboard */ = {
			isa = PBXVariantGroup;
			children = (
				D58D83E523B26CB7004B730C /* Base */,
			);
			name = LaunchScreen.storyboard;
			sourceTree = "<group>";
		};
/* End PBXVariantGroup section */

/* Begin XCBuildConfiguration section */
		D58D83FE23B26CB8004B730C /* Debug */ = {
			isa = XCBuildConfiguration;
			buildSettings = {
				ALWAYS_SEARCH_USER_PATHS = NO;
				CLANG_ANALYZER_NONNULL = YES;
				CLANG_ANALYZER_NUMBER_OBJECT_CONVERSION = YES_AGGRESSIVE;
				CLANG_CXX_LANGUAGE_STANDARD = "gnu++14";
				CLANG_CXX_LIBRARY = "libc++";
				CLANG_ENABLE_MODULES = YES;
				CLANG_ENABLE_OBJC_ARC = YES;
				CLANG_ENABLE_OBJC_WEAK = YES;
				CLANG_WARN_BLOCK_CAPTURE_AUTORELEASING = YES;
				CLANG_WARN_BOOL_CONVERSION = YES;
				CLANG_WARN_COMMA = YES;
				CLANG_WARN_CONSTANT_CONVERSION = YES;
				CLANG_WARN_DEPRECATED_OBJC_IMPLEMENTATIONS = YES;
				CLANG_WARN_DIRECT_OBJC_ISA_USAGE = YES_ERROR;
				CLANG_WARN_DOCUMENTATION_COMMENTS = YES;
				CLANG_WARN_EMPTY_BODY = YES;
				CLANG_WARN_ENUM_CONVERSION = YES;
				CLANG_WARN_INFINITE_RECURSION = YES;
				CLANG_WARN_INT_CONVERSION = YES;
				CLANG_WARN_NON_LITERAL_NULL_CONVERSION = YES;
				CLANG_WARN_OBJC_IMPLICIT_RETAIN_SELF = YES;
				CLANG_WARN_OBJC_LITERAL_CONVERSION = YES;
				CLANG_WARN_OBJC_ROOT_CLASS = YES_ERROR;
				CLANG_WARN_RANGE_LOOP_ANALYSIS = YES;
				CLANG_WARN_STRICT_PROTOTYPES = YES;
				CLANG_WARN_SUSPICIOUS_MOVE = YES;
				CLANG_WARN_UNGUARDED_AVAILABILITY = YES_AGGRESSIVE;
				CLANG_WARN_UNREACHABLE_CODE = YES;
				CLANG_WARN__DUPLICATE_METHOD_MATCH = YES;
				COPY_PHASE_STRIP = NO;
				DEBUG_INFORMATION_FORMAT = dwarf;
				ENABLE_STRICT_OBJC_MSGSEND = YES;
				ENABLE_TESTABILITY = YES;
				GCC_C_LANGUAGE_STANDARD = gnu11;
				GCC_DYNAMIC_NO_PIC = NO;
				GCC_NO_COMMON_BLOCKS = YES;
				GCC_OPTIMIZATION_LEVEL = 0;
				GCC_PREPROCESSOR_DEFINITIONS = (
					"DEBUG=1",
					"$(inherited)",
				);
				GCC_WARN_64_TO_32_BIT_CONVERSION = YES;
				GCC_WARN_ABOUT_RETURN_TYPE = YES_ERROR;
				GCC_WARN_UNDECLARED_SELECTOR = YES;
				GCC_WARN_UNINITIALIZED_AUTOS = YES_AGGRESSIVE;
				GCC_WARN_UNUSED_FUNCTION = YES;
				GCC_WARN_UNUSED_VARIABLE = YES;
				IPHONEOS_DEPLOYMENT_TARGET = 13.2;
				MTL_ENABLE_DEBUG_INFO = INCLUDE_SOURCE;
				MTL_FAST_MATH = YES;
				ONLY_ACTIVE_ARCH = YES;
				SDKROOT = iphoneos;
				SWIFT_ACTIVE_COMPILATION_CONDITIONS = DEBUG;
				SWIFT_OPTIMIZATION_LEVEL = "-Onone";
			};
			name = Debug;
		};
		D58D83FF23B26CB8004B730C /* Release */ = {
			isa = XCBuildConfiguration;
			buildSettings = {
				ALWAYS_SEARCH_USER_PATHS = NO;
				CLANG_ANALYZER_NONNULL = YES;
				CLANG_ANALYZER_NUMBER_OBJECT_CONVERSION = YES_AGGRESSIVE;
				CLANG_CXX_LANGUAGE_STANDARD = "gnu++14";
				CLANG_CXX_LIBRARY = "libc++";
				CLANG_ENABLE_MODULES = YES;
				CLANG_ENABLE_OBJC_ARC = YES;
				CLANG_ENABLE_OBJC_WEAK = YES;
				CLANG_WARN_BLOCK_CAPTURE_AUTORELEASING = YES;
				CLANG_WARN_BOOL_CONVERSION = YES;
				CLANG_WARN_COMMA = YES;
				CLANG_WARN_CONSTANT_CONVERSION = YES;
				CLANG_WARN_DEPRECATED_OBJC_IMPLEMENTATIONS = YES;
				CLANG_WARN_DIRECT_OBJC_ISA_USAGE = YES_ERROR;
				CLANG_WARN_DOCUMENTATION_COMMENTS = YES;
				CLANG_WARN_EMPTY_BODY = YES;
				CLANG_WARN_ENUM_CONVERSION = YES;
				CLANG_WARN_INFINITE_RECURSION = YES;
				CLANG_WARN_INT_CONVERSION = YES;
				CLANG_WARN_NON_LITERAL_NULL_CONVERSION = YES;
				CLANG_WARN_OBJC_IMPLICIT_RETAIN_SELF = YES;
				CLANG_WARN_OBJC_LITERAL_CONVERSION = YES;
				CLANG_WARN_OBJC_ROOT_CLASS = YES_ERROR;
				CLANG_WARN_RANGE_LOOP_ANALYSIS = YES;
				CLANG_WARN_STRICT_PROTOTYPES = YES;
				CLANG_WARN_SUSPICIOUS_MOVE = YES;
				CLANG_WARN_UNGUARDED_AVAILABILITY = YES_AGGRESSIVE;
				CLANG_WARN_UNREACHABLE_CODE = YES;
				CLANG_WARN__DUPLICATE_METHOD_MATCH = YES;
				COPY_PHASE_STRIP = NO;
				DEBUG_INFORMATION_FORMAT = "dwarf-with-dsym";
				ENABLE_NS_ASSERTIONS = NO;
				ENABLE_STRICT_OBJC_MSGSEND = YES;
				GCC_C_LANGUAGE_STANDARD = gnu11;
				GCC_NO_COMMON_BLOCKS = YES;
				GCC_WARN_64_TO_32_BIT_CONVERSION = YES;
				GCC_WARN_ABOUT_RETURN_TYPE = YES_ERROR;
				GCC_WARN_UNDECLARED_SELECTOR = YES;
				GCC_WARN_UNINITIALIZED_AUTOS = YES_AGGRESSIVE;
				GCC_WARN_UNUSED_FUNCTION = YES;
				GCC_WARN_UNUSED_VARIABLE = YES;
				IPHONEOS_DEPLOYMENT_TARGET = 13.2;
				MTL_ENABLE_DEBUG_INFO = NO;
				MTL_FAST_MATH = YES;
				SDKROOT = iphoneos;
				SWIFT_COMPILATION_MODE = wholemodule;
				SWIFT_OPTIMIZATION_LEVEL = "-O";
				VALIDATE_PRODUCT = YES;
			};
			name = Release;
		};
		D58D840123B26CB8004B730C /* Debug */ = {
			isa = XCBuildConfiguration;
			baseConfigurationReference = E3D5EDB5449C8BCECFA1F0CD /* Pods-BetterStore.debug.xcconfig */;
			buildSettings = {
				ASSETCATALOG_COMPILER_APPICON_NAME = AppIcon;
				CODE_SIGN_STYLE = Automatic;
				INFOPLIST_FILE = BetterStore/Info.plist;
				LD_RUNPATH_SEARCH_PATHS = (
					"$(inherited)",
					"@executable_path/Frameworks",
				);
				PRODUCT_BUNDLE_IDENTIFIER = com.ievgengavrysh.BetterStore;
				PRODUCT_NAME = "$(TARGET_NAME)";
				SWIFT_VERSION = 5.0;
				TARGETED_DEVICE_FAMILY = "1,2";
			};
			name = Debug;
		};
		D58D840223B26CB8004B730C /* Release */ = {
			isa = XCBuildConfiguration;
			baseConfigurationReference = A765FB8FD4FBF8BA3F3D353E /* Pods-BetterStore.release.xcconfig */;
			buildSettings = {
				ASSETCATALOG_COMPILER_APPICON_NAME = AppIcon;
				CODE_SIGN_STYLE = Automatic;
				INFOPLIST_FILE = BetterStore/Info.plist;
				LD_RUNPATH_SEARCH_PATHS = (
					"$(inherited)",
					"@executable_path/Frameworks",
				);
				PRODUCT_BUNDLE_IDENTIFIER = com.ievgengavrysh.BetterStore;
				PRODUCT_NAME = "$(TARGET_NAME)";
				SWIFT_VERSION = 5.0;
				TARGETED_DEVICE_FAMILY = "1,2";
			};
			name = Release;
		};
		D58D840423B26CB8004B730C /* Debug */ = {
			isa = XCBuildConfiguration;
			baseConfigurationReference = 4D4973D23C06D47D503418DB /* Pods-BetterStoreTests.debug.xcconfig */;
			buildSettings = {
				ALWAYS_EMBED_SWIFT_STANDARD_LIBRARIES = YES;
				BUNDLE_LOADER = "$(TEST_HOST)";
				CODE_SIGN_STYLE = Automatic;
				INFOPLIST_FILE = BetterStoreTests/Info.plist;
				IPHONEOS_DEPLOYMENT_TARGET = 13.2;
				LD_RUNPATH_SEARCH_PATHS = (
					"$(inherited)",
					"@executable_path/Frameworks",
					"@loader_path/Frameworks",
				);
				PRODUCT_BUNDLE_IDENTIFIER = com.ievgengavrysh.BetterStoreTests;
				PRODUCT_NAME = "$(TARGET_NAME)";
				SWIFT_VERSION = 5.0;
				TARGETED_DEVICE_FAMILY = "1,2";
				TEST_HOST = "$(BUILT_PRODUCTS_DIR)/BetterStore.app/BetterStore";
			};
			name = Debug;
		};
		D58D840523B26CB8004B730C /* Release */ = {
			isa = XCBuildConfiguration;
			baseConfigurationReference = 5C489D991681416DFD3D6CD8 /* Pods-BetterStoreTests.release.xcconfig */;
			buildSettings = {
				ALWAYS_EMBED_SWIFT_STANDARD_LIBRARIES = YES;
				BUNDLE_LOADER = "$(TEST_HOST)";
				CODE_SIGN_STYLE = Automatic;
				INFOPLIST_FILE = BetterStoreTests/Info.plist;
				IPHONEOS_DEPLOYMENT_TARGET = 13.2;
				LD_RUNPATH_SEARCH_PATHS = (
					"$(inherited)",
					"@executable_path/Frameworks",
					"@loader_path/Frameworks",
				);
				PRODUCT_BUNDLE_IDENTIFIER = com.ievgengavrysh.BetterStoreTests;
				PRODUCT_NAME = "$(TARGET_NAME)";
				SWIFT_VERSION = 5.0;
				TARGETED_DEVICE_FAMILY = "1,2";
				TEST_HOST = "$(BUILT_PRODUCTS_DIR)/BetterStore.app/BetterStore";
			};
			name = Release;
		};
		D58D840723B26CB8004B730C /* Debug */ = {
			isa = XCBuildConfiguration;
			baseConfigurationReference = 5AB97CE63934EA89686B4C88 /* Pods-BetterStore-BetterStoreUITests.debug.xcconfig */;
			buildSettings = {
				ALWAYS_EMBED_SWIFT_STANDARD_LIBRARIES = YES;
				CODE_SIGN_STYLE = Automatic;
				INFOPLIST_FILE = BetterStoreUITests/Info.plist;
				LD_RUNPATH_SEARCH_PATHS = (
					"$(inherited)",
					"@executable_path/Frameworks",
					"@loader_path/Frameworks",
				);
				PRODUCT_BUNDLE_IDENTIFIER = com.ievgengavrysh.BetterStoreUITests;
				PRODUCT_NAME = "$(TARGET_NAME)";
				SWIFT_VERSION = 5.0;
				TARGETED_DEVICE_FAMILY = "1,2";
				TEST_TARGET_NAME = BetterStore;
			};
			name = Debug;
		};
		D58D840823B26CB8004B730C /* Release */ = {
			isa = XCBuildConfiguration;
			baseConfigurationReference = 612C30D1AFC62A2BC035A302 /* Pods-BetterStore-BetterStoreUITests.release.xcconfig */;
			buildSettings = {
				ALWAYS_EMBED_SWIFT_STANDARD_LIBRARIES = YES;
				CODE_SIGN_STYLE = Automatic;
				INFOPLIST_FILE = BetterStoreUITests/Info.plist;
				LD_RUNPATH_SEARCH_PATHS = (
					"$(inherited)",
					"@executable_path/Frameworks",
					"@loader_path/Frameworks",
				);
				PRODUCT_BUNDLE_IDENTIFIER = com.ievgengavrysh.BetterStoreUITests;
				PRODUCT_NAME = "$(TARGET_NAME)";
				SWIFT_VERSION = 5.0;
				TARGETED_DEVICE_FAMILY = "1,2";
				TEST_TARGET_NAME = BetterStore;
			};
			name = Release;
		};
/* End XCBuildConfiguration section */

/* Begin XCConfigurationList section */
		D58D83D123B26CB7004B730C /* Build configuration list for PBXProject "BetterStore" */ = {
			isa = XCConfigurationList;
			buildConfigurations = (
				D58D83FE23B26CB8004B730C /* Debug */,
				D58D83FF23B26CB8004B730C /* Release */,
			);
			defaultConfigurationIsVisible = 0;
			defaultConfigurationName = Release;
		};
		D58D840023B26CB8004B730C /* Build configuration list for PBXNativeTarget "BetterStore" */ = {
			isa = XCConfigurationList;
			buildConfigurations = (
				D58D840123B26CB8004B730C /* Debug */,
				D58D840223B26CB8004B730C /* Release */,
			);
			defaultConfigurationIsVisible = 0;
			defaultConfigurationName = Release;
		};
		D58D840323B26CB8004B730C /* Build configuration list for PBXNativeTarget "BetterStoreTests" */ = {
			isa = XCConfigurationList;
			buildConfigurations = (
				D58D840423B26CB8004B730C /* Debug */,
				D58D840523B26CB8004B730C /* Release */,
			);
			defaultConfigurationIsVisible = 0;
			defaultConfigurationName = Release;
		};
		D58D840623B26CB8004B730C /* Build configuration list for PBXNativeTarget "BetterStoreUITests" */ = {
			isa = XCConfigurationList;
			buildConfigurations = (
				D58D840723B26CB8004B730C /* Debug */,
				D58D840823B26CB8004B730C /* Release */,
			);
			defaultConfigurationIsVisible = 0;
			defaultConfigurationName = Release;
		};
/* End XCConfigurationList section */
	};
	rootObject = D58D83CE23B26CB7004B730C /* Project object */;
}
